// !$*UTF8*$!
{
	archiveVersion = 1;
	classes = {
	};
	objectVersion = 56;
	objects = {

/* Begin PBXBuildFile section */
		020118022BFDC7F200C13256 /* ImageScrollView.swift in Sources */ = {isa = PBXBuildFile; fileRef = 020118012BFDC7F200C13256 /* ImageScrollView.swift */; };
		020118042BFDC92200C13256 /* ImageDetailView.swift in Sources */ = {isa = PBXBuildFile; fileRef = 020118032BFDC92200C13256 /* ImageDetailView.swift */; };
		020118062BFF13C300C13256 /* CateLabelView.swift in Sources */ = {isa = PBXBuildFile; fileRef = 020118052BFF13C300C13256 /* CateLabelView.swift */; };
		020118082BFF16ED00C13256 /* ReactionView.swift in Sources */ = {isa = PBXBuildFile; fileRef = 020118072BFF16ED00C13256 /* ReactionView.swift */; };
		0201180A2BFF2C9C00C13256 /* Color.swift in Sources */ = {isa = PBXBuildFile; fileRef = 020118092BFF2C9C00C13256 /* Color.swift */; };
		0201180C2BFF328400C13256 /* UploadButton.swift in Sources */ = {isa = PBXBuildFile; fileRef = 0201180B2BFF328400C13256 /* UploadButton.swift */; };
		02094CC72BECA6130098995E /* AlbumShape.swift in Sources */ = {isa = PBXBuildFile; fileRef = 02094CC62BECA6130098995E /* AlbumShape.swift */; };
		02094CC92BECA93B0098995E /* PersonalPageWork.swift in Sources */ = {isa = PBXBuildFile; fileRef = 02094CC82BECA93B0098995E /* PersonalPageWork.swift */; };
		02094CCB2BECB5170098995E /* PersonalPage.swift in Sources */ = {isa = PBXBuildFile; fileRef = 02094CCA2BECB5170098995E /* PersonalPage.swift */; };
		0270D2F42BE0F36500B1B270 /* MainView.swift in Sources */ = {isa = PBXBuildFile; fileRef = 0270D2F32BE0F36500B1B270 /* MainView.swift */; };
		0270D2F62BE0F37A00B1B270 /* MainViewModel.swift in Sources */ = {isa = PBXBuildFile; fileRef = 0270D2F52BE0F37A00B1B270 /* MainViewModel.swift */; };
		0270D2F82BE0F3B400B1B270 /* ViewModelable.swift in Sources */ = {isa = PBXBuildFile; fileRef = 0270D2F72BE0F3B400B1B270 /* ViewModelable.swift */; };
		0270D2FA2BE3F8A400B1B270 /* TabBarViewModel.swift in Sources */ = {isa = PBXBuildFile; fileRef = 0270D2F92BE3F8A400B1B270 /* TabBarViewModel.swift */; };
		0270D2FC2BE3F9AB00B1B270 /* TabBarView.swift in Sources */ = {isa = PBXBuildFile; fileRef = 0270D2FB2BE3F9AB00B1B270 /* TabBarView.swift */; };
		0270D2FE2BE3FDB800B1B270 /* MenuView.swift in Sources */ = {isa = PBXBuildFile; fileRef = 0270D2FD2BE3FDB800B1B270 /* MenuView.swift */; };
		02A2FDF12C09827A005B0B22 /* ImageSelectView.swift in Sources */ = {isa = PBXBuildFile; fileRef = 02A2FDF02C09827A005B0B22 /* ImageSelectView.swift */; };
		02A2FDF32C09B730005B0B22 /* FeedInfoView.swift in Sources */ = {isa = PBXBuildFile; fileRef = 02A2FDF22C09B730005B0B22 /* FeedInfoView.swift */; };
		02B729722C0DA9AB00C389FD /* CustomTextField.swift in Sources */ = {isa = PBXBuildFile; fileRef = 02B729712C0DA9AB00C389FD /* CustomTextField.swift */; };
		02B729742C0DB4F600C389FD /* CustomMultiLineTextField.swift in Sources */ = {isa = PBXBuildFile; fileRef = 02B729732C0DB4F600C389FD /* CustomMultiLineTextField.swift */; };
		02B729762C0DC5FA00C389FD /* CategoryCapsule.swift in Sources */ = {isa = PBXBuildFile; fileRef = 02B729752C0DC5FA00C389FD /* CategoryCapsule.swift */; };
		02B729782C0DD1BC00C389FD /* CategoryView.swift in Sources */ = {isa = PBXBuildFile; fileRef = 02B729772C0DD1BC00C389FD /* CategoryView.swift */; };
		02B7297A2C0DDF7D00C389FD /* ImagePicker.swift in Sources */ = {isa = PBXBuildFile; fileRef = 02B729792C0DDF7D00C389FD /* ImagePicker.swift */; };
		02B7297F2C0F0F1D00C389FD /* MarketView.swift in Sources */ = {isa = PBXBuildFile; fileRef = 02B7297E2C0F0F1D00C389FD /* MarketView.swift */; };
		02B729812C0F0F7F00C389FD /* ExhibitionView.swift in Sources */ = {isa = PBXBuildFile; fileRef = 02B729802C0F0F7F00C389FD /* ExhibitionView.swift */; };
		02B729832C0F0FB300C389FD /* MyPageView.swift in Sources */ = {isa = PBXBuildFile; fileRef = 02B729822C0F0FB300C389FD /* MyPageView.swift */; };
		02B729852C0F108E00C389FD /* BottomNavigationBar.swift in Sources */ = {isa = PBXBuildFile; fileRef = 02B729842C0F108E00C389FD /* BottomNavigationBar.swift */; };
		02C3198E2BCE17600030D506 /* Capstone_FrontApp.swift in Sources */ = {isa = PBXBuildFile; fileRef = 02C3198D2BCE17600030D506 /* Capstone_FrontApp.swift */; };
		02C319902BCE17600030D506 /* ContentView.swift in Sources */ = {isa = PBXBuildFile; fileRef = 02C3198F2BCE17600030D506 /* ContentView.swift */; };
		02C319922BCE17620030D506 /* Assets.xcassets in Resources */ = {isa = PBXBuildFile; fileRef = 02C319912BCE17620030D506 /* Assets.xcassets */; };
		02C319952BCE17620030D506 /* Preview Assets.xcassets in Resources */ = {isa = PBXBuildFile; fileRef = 02C319942BCE17620030D506 /* Preview Assets.xcassets */; };
		02E4F4482C105748007CCD2E /* MarketItemView.swift in Sources */ = {isa = PBXBuildFile; fileRef = 02E4F4472C105748007CCD2E /* MarketItemView.swift */; };
		02E4F44A2C1057D5007CCD2E /* MarketItem.swift in Sources */ = {isa = PBXBuildFile; fileRef = 02E4F4492C1057D5007CCD2E /* MarketItem.swift */; };
		02E4F44C2C10598D007CCD2E /* MarketItemViewModel.swift in Sources */ = {isa = PBXBuildFile; fileRef = 02E4F44B2C10598D007CCD2E /* MarketItemViewModel.swift */; };
		02E4F44E2C105A0A007CCD2E /* MarketItemsGridView.swift in Sources */ = {isa = PBXBuildFile; fileRef = 02E4F44D2C105A0A007CCD2E /* MarketItemsGridView.swift */; };
		02E4F4502C119452007CCD2E /* MarketUploadView.swift in Sources */ = {isa = PBXBuildFile; fileRef = 02E4F44F2C119452007CCD2E /* MarketUploadView.swift */; };
		02E4F4522C11960F007CCD2E /* ProductFeedInfoView.swift in Sources */ = {isa = PBXBuildFile; fileRef = 02E4F4512C11960F007CCD2E /* ProductFeedInfoView.swift */; };
		02E4F4542C11961F007CCD2E /* ProductImageSelectView.swift in Sources */ = {isa = PBXBuildFile; fileRef = 02E4F4532C11961F007CCD2E /* ProductImageSelectView.swift */; };
		02E4F4562C119B16007CCD2E /* MarketCategoryCapsule.swift in Sources */ = {isa = PBXBuildFile; fileRef = 02E4F4552C119B16007CCD2E /* MarketCategoryCapsule.swift */; };
		02E4F4582C119BA1007CCD2E /* MarketCategoryView.swift in Sources */ = {isa = PBXBuildFile; fileRef = 02E4F4572C119BA1007CCD2E /* MarketCategoryView.swift */; };
		02E4F45A2C119EB3007CCD2E /* MarketUploadButton.swift in Sources */ = {isa = PBXBuildFile; fileRef = 02E4F4592C119EB3007CCD2E /* MarketUploadButton.swift */; };
		02E4F45C2C11A86E007CCD2E /* MarketDetailView.swift in Sources */ = {isa = PBXBuildFile; fileRef = 02E4F45B2C11A86E007CCD2E /* MarketDetailView.swift */; };
		02E4F45E2C11A8F7007CCD2E /* ProductInfoView.swift in Sources */ = {isa = PBXBuildFile; fileRef = 02E4F45D2C11A8F7007CCD2E /* ProductInfoView.swift */; };
		02E4F4602C11AD7E007CCD2E /* ProductImage.swift in Sources */ = {isa = PBXBuildFile; fileRef = 02E4F45F2C11AD7E007CCD2E /* ProductImage.swift */; };
		02E7F6412C086F8900C6EF03 /* ImageUploadView.swift in Sources */ = {isa = PBXBuildFile; fileRef = 02E7F6402C086F8900C6EF03 /* ImageUploadView.swift */; };
		02FFDCFE2BE40DFE002F0DEF /* SearchView.swift in Sources */ = {isa = PBXBuildFile; fileRef = 02FFDCFD2BE40DFE002F0DEF /* SearchView.swift */; };
		02FFDD002BE41184002F0DEF /* CircleImageItem.swift in Sources */ = {isa = PBXBuildFile; fileRef = 02FFDCFF2BE41184002F0DEF /* CircleImageItem.swift */; };
		02FFDD022BE411BB002F0DEF /* CategoryScrollView.swift in Sources */ = {isa = PBXBuildFile; fileRef = 02FFDD012BE411BB002F0DEF /* CategoryScrollView.swift */; };
		02FFDD042BE4135B002F0DEF /* ArtWork.swift in Sources */ = {isa = PBXBuildFile; fileRef = 02FFDD032BE4135B002F0DEF /* ArtWork.swift */; };
		02FFDD062BE413C9002F0DEF /* ArtWorksViewModel.swift in Sources */ = {isa = PBXBuildFile; fileRef = 02FFDD052BE413C9002F0DEF /* ArtWorksViewModel.swift */; };
		02FFDD082BE41420002F0DEF /* ArtWorkItemView.swift in Sources */ = {isa = PBXBuildFile; fileRef = 02FFDD072BE41420002F0DEF /* ArtWorkItemView.swift */; };
		02FFDD0A2BE41437002F0DEF /* ArtWorksGridView.swift in Sources */ = {isa = PBXBuildFile; fileRef = 02FFDD092BE41437002F0DEF /* ArtWorksGridView.swift */; };
		02FFDD0E2BE41ADB002F0DEF /* .gitignore in Resources */ = {isa = PBXBuildFile; fileRef = 02FFDD0D2BE41ADB002F0DEF /* .gitignore */; };
		A9830665DE11988BD4356C1A /* Pods_Capstone_Front.framework in Frameworks */ = {isa = PBXBuildFile; fileRef = EAB25843B3C34D20A87B4813 /* Pods_Capstone_Front.framework */; };
/* End PBXBuildFile section */

/* Begin PBXFileReference section */
		020118012BFDC7F200C13256 /* ImageScrollView.swift */ = {isa = PBXFileReference; lastKnownFileType = sourcecode.swift; path = ImageScrollView.swift; sourceTree = "<group>"; };
		020118032BFDC92200C13256 /* ImageDetailView.swift */ = {isa = PBXFileReference; lastKnownFileType = sourcecode.swift; path = ImageDetailView.swift; sourceTree = "<group>"; };
		020118052BFF13C300C13256 /* CateLabelView.swift */ = {isa = PBXFileReference; lastKnownFileType = sourcecode.swift; path = CateLabelView.swift; sourceTree = "<group>"; };
		020118072BFF16ED00C13256 /* ReactionView.swift */ = {isa = PBXFileReference; lastKnownFileType = sourcecode.swift; path = ReactionView.swift; sourceTree = "<group>"; };
		020118092BFF2C9C00C13256 /* Color.swift */ = {isa = PBXFileReference; lastKnownFileType = sourcecode.swift; path = Color.swift; sourceTree = "<group>"; };
		0201180B2BFF328400C13256 /* UploadButton.swift */ = {isa = PBXFileReference; lastKnownFileType = sourcecode.swift; path = UploadButton.swift; sourceTree = "<group>"; };
		02094CC62BECA6130098995E /* AlbumShape.swift */ = {isa = PBXFileReference; lastKnownFileType = sourcecode.swift; path = AlbumShape.swift; sourceTree = "<group>"; };
		02094CC82BECA93B0098995E /* PersonalPageWork.swift */ = {isa = PBXFileReference; lastKnownFileType = sourcecode.swift; path = PersonalPageWork.swift; sourceTree = "<group>"; };
		02094CCA2BECB5170098995E /* PersonalPage.swift */ = {isa = PBXFileReference; lastKnownFileType = sourcecode.swift; path = PersonalPage.swift; sourceTree = "<group>"; };
		0270D2F32BE0F36500B1B270 /* MainView.swift */ = {isa = PBXFileReference; lastKnownFileType = sourcecode.swift; path = MainView.swift; sourceTree = "<group>"; };
		0270D2F52BE0F37A00B1B270 /* MainViewModel.swift */ = {isa = PBXFileReference; lastKnownFileType = sourcecode.swift; path = MainViewModel.swift; sourceTree = "<group>"; };
		0270D2F72BE0F3B400B1B270 /* ViewModelable.swift */ = {isa = PBXFileReference; lastKnownFileType = sourcecode.swift; path = ViewModelable.swift; sourceTree = "<group>"; };
		0270D2F92BE3F8A400B1B270 /* TabBarViewModel.swift */ = {isa = PBXFileReference; lastKnownFileType = sourcecode.swift; path = TabBarViewModel.swift; sourceTree = "<group>"; };
		0270D2FB2BE3F9AB00B1B270 /* TabBarView.swift */ = {isa = PBXFileReference; lastKnownFileType = sourcecode.swift; path = TabBarView.swift; sourceTree = "<group>"; };
		0270D2FD2BE3FDB800B1B270 /* MenuView.swift */ = {isa = PBXFileReference; lastKnownFileType = sourcecode.swift; path = MenuView.swift; sourceTree = "<group>"; };
		02A2FDF02C09827A005B0B22 /* ImageSelectView.swift */ = {isa = PBXFileReference; lastKnownFileType = sourcecode.swift; path = ImageSelectView.swift; sourceTree = "<group>"; };
		02A2FDF22C09B730005B0B22 /* FeedInfoView.swift */ = {isa = PBXFileReference; lastKnownFileType = sourcecode.swift; path = FeedInfoView.swift; sourceTree = "<group>"; };
		02B729712C0DA9AB00C389FD /* CustomTextField.swift */ = {isa = PBXFileReference; lastKnownFileType = sourcecode.swift; path = CustomTextField.swift; sourceTree = "<group>"; };
		02B729732C0DB4F600C389FD /* CustomMultiLineTextField.swift */ = {isa = PBXFileReference; lastKnownFileType = sourcecode.swift; path = CustomMultiLineTextField.swift; sourceTree = "<group>"; };
		02B729752C0DC5FA00C389FD /* CategoryCapsule.swift */ = {isa = PBXFileReference; lastKnownFileType = sourcecode.swift; path = CategoryCapsule.swift; sourceTree = "<group>"; };
		02B729772C0DD1BC00C389FD /* CategoryView.swift */ = {isa = PBXFileReference; lastKnownFileType = sourcecode.swift; path = CategoryView.swift; sourceTree = "<group>"; };
		02B729792C0DDF7D00C389FD /* ImagePicker.swift */ = {isa = PBXFileReference; lastKnownFileType = sourcecode.swift; path = ImagePicker.swift; sourceTree = "<group>"; };
		02B7297E2C0F0F1D00C389FD /* MarketView.swift */ = {isa = PBXFileReference; lastKnownFileType = sourcecode.swift; path = MarketView.swift; sourceTree = "<group>"; };
		02B729802C0F0F7F00C389FD /* ExhibitionView.swift */ = {isa = PBXFileReference; lastKnownFileType = sourcecode.swift; name = ExhibitionView.swift; path = ../../../../Documents/ExhibitionView.swift; sourceTree = "<group>"; };
		02B729822C0F0FB300C389FD /* MyPageView.swift */ = {isa = PBXFileReference; lastKnownFileType = sourcecode.swift; path = MyPageView.swift; sourceTree = "<group>"; };
		02B729842C0F108E00C389FD /* BottomNavigationBar.swift */ = {isa = PBXFileReference; lastKnownFileType = sourcecode.swift; path = BottomNavigationBar.swift; sourceTree = "<group>"; };
		02C3198A2BCE17600030D506 /* Capstone_Front.app */ = {isa = PBXFileReference; explicitFileType = wrapper.application; includeInIndex = 0; path = Capstone_Front.app; sourceTree = BUILT_PRODUCTS_DIR; };
		02C3198D2BCE17600030D506 /* Capstone_FrontApp.swift */ = {isa = PBXFileReference; lastKnownFileType = sourcecode.swift; path = Capstone_FrontApp.swift; sourceTree = "<group>"; };
		02C3198F2BCE17600030D506 /* ContentView.swift */ = {isa = PBXFileReference; lastKnownFileType = sourcecode.swift; path = ContentView.swift; sourceTree = "<group>"; };
		02C319912BCE17620030D506 /* Assets.xcassets */ = {isa = PBXFileReference; lastKnownFileType = folder.assetcatalog; path = Assets.xcassets; sourceTree = "<group>"; };
		02C319942BCE17620030D506 /* Preview Assets.xcassets */ = {isa = PBXFileReference; lastKnownFileType = folder.assetcatalog; path = "Preview Assets.xcassets"; sourceTree = "<group>"; };
		02E4F4472C105748007CCD2E /* MarketItemView.swift */ = {isa = PBXFileReference; lastKnownFileType = sourcecode.swift; path = MarketItemView.swift; sourceTree = "<group>"; };
		02E4F4492C1057D5007CCD2E /* MarketItem.swift */ = {isa = PBXFileReference; lastKnownFileType = sourcecode.swift; path = MarketItem.swift; sourceTree = "<group>"; };
		02E4F44B2C10598D007CCD2E /* MarketItemViewModel.swift */ = {isa = PBXFileReference; lastKnownFileType = sourcecode.swift; path = MarketItemViewModel.swift; sourceTree = "<group>"; };
		02E4F44D2C105A0A007CCD2E /* MarketItemsGridView.swift */ = {isa = PBXFileReference; lastKnownFileType = sourcecode.swift; path = MarketItemsGridView.swift; sourceTree = "<group>"; };
		02E4F44F2C119452007CCD2E /* MarketUploadView.swift */ = {isa = PBXFileReference; lastKnownFileType = sourcecode.swift; path = MarketUploadView.swift; sourceTree = "<group>"; };
		02E4F4512C11960F007CCD2E /* ProductFeedInfoView.swift */ = {isa = PBXFileReference; lastKnownFileType = sourcecode.swift; path = ProductFeedInfoView.swift; sourceTree = "<group>"; };
		02E4F4532C11961F007CCD2E /* ProductImageSelectView.swift */ = {isa = PBXFileReference; lastKnownFileType = sourcecode.swift; path = ProductImageSelectView.swift; sourceTree = "<group>"; };
		02E4F4552C119B16007CCD2E /* MarketCategoryCapsule.swift */ = {isa = PBXFileReference; lastKnownFileType = sourcecode.swift; path = MarketCategoryCapsule.swift; sourceTree = "<group>"; };
		02E4F4572C119BA1007CCD2E /* MarketCategoryView.swift */ = {isa = PBXFileReference; lastKnownFileType = sourcecode.swift; path = MarketCategoryView.swift; sourceTree = "<group>"; };
		02E4F4592C119EB3007CCD2E /* MarketUploadButton.swift */ = {isa = PBXFileReference; lastKnownFileType = sourcecode.swift; path = MarketUploadButton.swift; sourceTree = "<group>"; };
		02E4F45B2C11A86E007CCD2E /* MarketDetailView.swift */ = {isa = PBXFileReference; lastKnownFileType = sourcecode.swift; path = MarketDetailView.swift; sourceTree = "<group>"; };
		02E4F45D2C11A8F7007CCD2E /* ProductInfoView.swift */ = {isa = PBXFileReference; lastKnownFileType = sourcecode.swift; path = ProductInfoView.swift; sourceTree = "<group>"; };
		02E4F45F2C11AD7E007CCD2E /* ProductImage.swift */ = {isa = PBXFileReference; lastKnownFileType = sourcecode.swift; path = ProductImage.swift; sourceTree = "<group>"; };
		02E7F6402C086F8900C6EF03 /* ImageUploadView.swift */ = {isa = PBXFileReference; lastKnownFileType = sourcecode.swift; path = ImageUploadView.swift; sourceTree = SOURCE_ROOT; };
		02FFDCFD2BE40DFE002F0DEF /* SearchView.swift */ = {isa = PBXFileReference; lastKnownFileType = sourcecode.swift; path = SearchView.swift; sourceTree = "<group>"; };
		02FFDCFF2BE41184002F0DEF /* CircleImageItem.swift */ = {isa = PBXFileReference; lastKnownFileType = sourcecode.swift; path = CircleImageItem.swift; sourceTree = "<group>"; };
		02FFDD012BE411BB002F0DEF /* CategoryScrollView.swift */ = {isa = PBXFileReference; lastKnownFileType = sourcecode.swift; path = CategoryScrollView.swift; sourceTree = "<group>"; };
		02FFDD032BE4135B002F0DEF /* ArtWork.swift */ = {isa = PBXFileReference; lastKnownFileType = sourcecode.swift; path = ArtWork.swift; sourceTree = "<group>"; };
		02FFDD052BE413C9002F0DEF /* ArtWorksViewModel.swift */ = {isa = PBXFileReference; lastKnownFileType = sourcecode.swift; path = ArtWorksViewModel.swift; sourceTree = "<group>"; };
		02FFDD072BE41420002F0DEF /* ArtWorkItemView.swift */ = {isa = PBXFileReference; lastKnownFileType = sourcecode.swift; path = ArtWorkItemView.swift; sourceTree = "<group>"; };
		02FFDD092BE41437002F0DEF /* ArtWorksGridView.swift */ = {isa = PBXFileReference; lastKnownFileType = sourcecode.swift; path = ArtWorksGridView.swift; sourceTree = "<group>"; };
		02FFDD0D2BE41ADB002F0DEF /* .gitignore */ = {isa = PBXFileReference; lastKnownFileType = text; path = .gitignore; sourceTree = "<group>"; };
		1397AC5ACD3215A206C3F4D5 /* Pods-Capstone_Front.release.xcconfig */ = {isa = PBXFileReference; includeInIndex = 1; lastKnownFileType = text.xcconfig; name = "Pods-Capstone_Front.release.xcconfig"; path = "Target Support Files/Pods-Capstone_Front/Pods-Capstone_Front.release.xcconfig"; sourceTree = "<group>"; };
		9D2337201F31F80A5B926DE8 /* Pods-Capstone_Front.debug.xcconfig */ = {isa = PBXFileReference; includeInIndex = 1; lastKnownFileType = text.xcconfig; name = "Pods-Capstone_Front.debug.xcconfig"; path = "Target Support Files/Pods-Capstone_Front/Pods-Capstone_Front.debug.xcconfig"; sourceTree = "<group>"; };
		EAB25843B3C34D20A87B4813 /* Pods_Capstone_Front.framework */ = {isa = PBXFileReference; explicitFileType = wrapper.framework; includeInIndex = 0; path = Pods_Capstone_Front.framework; sourceTree = BUILT_PRODUCTS_DIR; };
/* End PBXFileReference section */

/* Begin PBXFrameworksBuildPhase section */
		02C319872BCE17600030D506 /* Frameworks */ = {
			isa = PBXFrameworksBuildPhase;
			buildActionMask = 2147483647;
			files = (
				A9830665DE11988BD4356C1A /* Pods_Capstone_Front.framework in Frameworks */,
			);
			runOnlyForDeploymentPostprocessing = 0;
		};
/* End PBXFrameworksBuildPhase section */

/* Begin PBXGroup section */
		02180BD82C0467C300066FF9 /* Common */ = {
			isa = PBXGroup;
			children = (
				02FFDD012BE411BB002F0DEF /* CategoryScrollView.swift */,
				02FFDCFD2BE40DFE002F0DEF /* SearchView.swift */,
				020118072BFF16ED00C13256 /* ReactionView.swift */,
				020118052BFF13C300C13256 /* CateLabelView.swift */,
				0270D2FB2BE3F9AB00B1B270 /* TabBarView.swift */,
				0270D2FD2BE3FDB800B1B270 /* MenuView.swift */,
				02B729712C0DA9AB00C389FD /* CustomTextField.swift */,
				02B729732C0DB4F600C389FD /* CustomMultiLineTextField.swift */,
				02FFDCFF2BE41184002F0DEF /* CircleImageItem.swift */,
				02B729842C0F108E00C389FD /* BottomNavigationBar.swift */,
			);
			path = Common;
			sourceTree = "<group>";
		};
		0270D2F02BDF763600B1B270 /* Model */ = {
			isa = PBXGroup;
			children = (
				02FFDD032BE4135B002F0DEF /* ArtWork.swift */,
				02E4F4492C1057D5007CCD2E /* MarketItem.swift */,
			);
			path = Model;
			sourceTree = "<group>";
		};
		0270D2F12BDF764500B1B270 /* View */ = {
			isa = PBXGroup;
			children = (
				02FFDD0F2BE4990E002F0DEF /* Component */,
				0270D2F32BE0F36500B1B270 /* MainView.swift */,
				02094CCA2BECB5170098995E /* PersonalPage.swift */,
				02E7F6402C086F8900C6EF03 /* ImageUploadView.swift */,
				02B7297E2C0F0F1D00C389FD /* MarketView.swift */,
				02B729802C0F0F7F00C389FD /* ExhibitionView.swift */,
				02B729822C0F0FB300C389FD /* MyPageView.swift */,
				02E4F44F2C119452007CCD2E /* MarketUploadView.swift */,
				02E4F45B2C11A86E007CCD2E /* MarketDetailView.swift */,
			);
			path = View;
			sourceTree = "<group>";
		};
		0270D2F22BDF764E00B1B270 /* ViewModel */ = {
			isa = PBXGroup;
			children = (
				0270D2F52BE0F37A00B1B270 /* MainViewModel.swift */,
				0270D2F92BE3F8A400B1B270 /* TabBarViewModel.swift */,
				02FFDD052BE413C9002F0DEF /* ArtWorksViewModel.swift */,
				02E4F44B2C10598D007CCD2E /* MarketItemViewModel.swift */,
			);
			path = ViewModel;
			sourceTree = "<group>";
		};
		02B7297B2C0ED67000C389FD /* Main */ = {
			isa = PBXGroup;
			children = (
				02FFDD072BE41420002F0DEF /* ArtWorkItemView.swift */,
				02FFDD092BE41437002F0DEF /* ArtWorksGridView.swift */,
			);
			path = Main;
			sourceTree = "<group>";
		};
		02B7297C2C0ED7F900C389FD /* PersonalPage */ = {
			isa = PBXGroup;
			children = (
				020118012BFDC7F200C13256 /* ImageScrollView.swift */,
				020118032BFDC92200C13256 /* ImageDetailView.swift */,
				0201180B2BFF328400C13256 /* UploadButton.swift */,
				02094CC62BECA6130098995E /* AlbumShape.swift */,
				02094CC82BECA93B0098995E /* PersonalPageWork.swift */,
			);
			path = PersonalPage;
			sourceTree = "<group>";
		};
		02B7297D2C0EDA2100C389FD /* Upload */ = {
			isa = PBXGroup;
			children = (
				02B729792C0DDF7D00C389FD /* ImagePicker.swift */,
				02A2FDF02C09827A005B0B22 /* ImageSelectView.swift */,
				02A2FDF22C09B730005B0B22 /* FeedInfoView.swift */,
				02B729772C0DD1BC00C389FD /* CategoryView.swift */,
				02B729752C0DC5FA00C389FD /* CategoryCapsule.swift */,
			);
			path = Upload;
			sourceTree = "<group>";
		};
		02C319812BCE17600030D506 = {
			isa = PBXGroup;
			children = (
				02FFDD0D2BE41ADB002F0DEF /* .gitignore */,
				02C3198C2BCE17600030D506 /* Capstone_Front */,
				02C3198B2BCE17600030D506 /* Products */,
				20F5E13EC29367BA2BE325FA /* Pods */,
				6AEA2C87E6F8253DCCE5F14E /* Frameworks */,
			);
			sourceTree = "<group>";
		};
		02C3198B2BCE17600030D506 /* Products */ = {
			isa = PBXGroup;
			children = (
				02C3198A2BCE17600030D506 /* Capstone_Front.app */,
			);
			name = Products;
			sourceTree = "<group>";
		};
		02C3198C2BCE17600030D506 /* Capstone_Front */ = {
			isa = PBXGroup;
			children = (
				0270D2F22BDF764E00B1B270 /* ViewModel */,
				0270D2F12BDF764500B1B270 /* View */,
				0270D2F02BDF763600B1B270 /* Model */,
				02C3198D2BCE17600030D506 /* Capstone_FrontApp.swift */,
				02C3198F2BCE17600030D506 /* ContentView.swift */,
				02C319912BCE17620030D506 /* Assets.xcassets */,
				02C319932BCE17620030D506 /* Preview Content */,
				0270D2F72BE0F3B400B1B270 /* ViewModelable.swift */,
				020118092BFF2C9C00C13256 /* Color.swift */,
			);
			path = Capstone_Front;
			sourceTree = "<group>";
		};
		02C319932BCE17620030D506 /* Preview Content */ = {
			isa = PBXGroup;
			children = (
				02C319942BCE17620030D506 /* Preview Assets.xcassets */,
			);
			path = "Preview Content";
			sourceTree = "<group>";
		};
		02E4F4462C105737007CCD2E /* Market */ = {
			isa = PBXGroup;
			children = (
				02E4F4472C105748007CCD2E /* MarketItemView.swift */,
				02E4F44D2C105A0A007CCD2E /* MarketItemsGridView.swift */,
				02E4F4512C11960F007CCD2E /* ProductFeedInfoView.swift */,
				02E4F4532C11961F007CCD2E /* ProductImageSelectView.swift */,
				02E4F4552C119B16007CCD2E /* MarketCategoryCapsule.swift */,
				02E4F4572C119BA1007CCD2E /* MarketCategoryView.swift */,
				02E4F4592C119EB3007CCD2E /* MarketUploadButton.swift */,
				02E4F45D2C11A8F7007CCD2E /* ProductInfoView.swift */,
				02E4F45F2C11AD7E007CCD2E /* ProductImage.swift */,
			);
			path = Market;
			sourceTree = "<group>";
		};
		02FFDD0F2BE4990E002F0DEF /* Component */ = {
			isa = PBXGroup;
			children = (
				02E4F4462C105737007CCD2E /* Market */,
				02B7297D2C0EDA2100C389FD /* Upload */,
				02B7297C2C0ED7F900C389FD /* PersonalPage */,
				02B7297B2C0ED67000C389FD /* Main */,
				02180BD82C0467C300066FF9 /* Common */,
			);
			path = Component;
			sourceTree = "<group>";
		};
		20F5E13EC29367BA2BE325FA /* Pods */ = {
			isa = PBXGroup;
			children = (
				9D2337201F31F80A5B926DE8 /* Pods-Capstone_Front.debug.xcconfig */,
				1397AC5ACD3215A206C3F4D5 /* Pods-Capstone_Front.release.xcconfig */,
			);
			path = Pods;
			sourceTree = "<group>";
		};
		6AEA2C87E6F8253DCCE5F14E /* Frameworks */ = {
			isa = PBXGroup;
			children = (
				EAB25843B3C34D20A87B4813 /* Pods_Capstone_Front.framework */,
			);
			name = Frameworks;
			sourceTree = "<group>";
		};
/* End PBXGroup section */

/* Begin PBXNativeTarget section */
		02C319892BCE17600030D506 /* Capstone_Front */ = {
			isa = PBXNativeTarget;
			buildConfigurationList = 02C319982BCE17620030D506 /* Build configuration list for PBXNativeTarget "Capstone_Front" */;
			buildPhases = (
				BF4F2108AD7BBA8D51DAF2DF /* [CP] Check Pods Manifest.lock */,
				02C319862BCE17600030D506 /* Sources */,
				02C319872BCE17600030D506 /* Frameworks */,
				02C319882BCE17600030D506 /* Resources */,
				7A960A8B33747C17448BE9E1 /* [CP] Embed Pods Frameworks */,
			);
			buildRules = (
			);
			dependencies = (
			);
			name = Capstone_Front;
			productName = Capstone_Front;
			productReference = 02C3198A2BCE17600030D506 /* Capstone_Front.app */;
			productType = "com.apple.product-type.application";
		};
/* End PBXNativeTarget section */

/* Begin PBXProject section */
		02C319822BCE17600030D506 /* Project object */ = {
			isa = PBXProject;
			attributes = {
				BuildIndependentTargetsInParallel = 1;
				LastSwiftUpdateCheck = 1510;
				LastUpgradeCheck = 1510;
				TargetAttributes = {
					02C319892BCE17600030D506 = {
						CreatedOnToolsVersion = 15.1;
					};
				};
			};
			buildConfigurationList = 02C319852BCE17600030D506 /* Build configuration list for PBXProject "Capstone_Front" */;
			compatibilityVersion = "Xcode 14.0";
			developmentRegion = en;
			hasScannedForEncodings = 0;
			knownRegions = (
				en,
				Base,
			);
			mainGroup = 02C319812BCE17600030D506;
			productRefGroup = 02C3198B2BCE17600030D506 /* Products */;
			projectDirPath = "";
			projectRoot = "";
			targets = (
				02C319892BCE17600030D506 /* Capstone_Front */,
			);
		};
/* End PBXProject section */

/* Begin PBXResourcesBuildPhase section */
		02C319882BCE17600030D506 /* Resources */ = {
			isa = PBXResourcesBuildPhase;
			buildActionMask = 2147483647;
			files = (
				02C319952BCE17620030D506 /* Preview Assets.xcassets in Resources */,
				02FFDD0E2BE41ADB002F0DEF /* .gitignore in Resources */,
				02C319922BCE17620030D506 /* Assets.xcassets in Resources */,
			);
			runOnlyForDeploymentPostprocessing = 0;
		};
/* End PBXResourcesBuildPhase section */

/* Begin PBXShellScriptBuildPhase section */
		7A960A8B33747C17448BE9E1 /* [CP] Embed Pods Frameworks */ = {
			isa = PBXShellScriptBuildPhase;
			buildActionMask = 2147483647;
			files = (
			);
			inputFileListPaths = (
				"${PODS_ROOT}/Target Support Files/Pods-Capstone_Front/Pods-Capstone_Front-frameworks-${CONFIGURATION}-input-files.xcfilelist",
			);
			name = "[CP] Embed Pods Frameworks";
			outputFileListPaths = (
				"${PODS_ROOT}/Target Support Files/Pods-Capstone_Front/Pods-Capstone_Front-frameworks-${CONFIGURATION}-output-files.xcfilelist",
			);
			runOnlyForDeploymentPostprocessing = 0;
			shellPath = /bin/sh;
			shellScript = "\"${PODS_ROOT}/Target Support Files/Pods-Capstone_Front/Pods-Capstone_Front-frameworks.sh\"\n";
			showEnvVarsInLog = 0;
		};
		BF4F2108AD7BBA8D51DAF2DF /* [CP] Check Pods Manifest.lock */ = {
			isa = PBXShellScriptBuildPhase;
			buildActionMask = 2147483647;
			files = (
			);
			inputFileListPaths = (
			);
			inputPaths = (
				"${PODS_PODFILE_DIR_PATH}/Podfile.lock",
				"${PODS_ROOT}/Manifest.lock",
			);
			name = "[CP] Check Pods Manifest.lock";
			outputFileListPaths = (
			);
			outputPaths = (
				"$(DERIVED_FILE_DIR)/Pods-Capstone_Front-checkManifestLockResult.txt",
			);
			runOnlyForDeploymentPostprocessing = 0;
			shellPath = /bin/sh;
			shellScript = "diff \"${PODS_PODFILE_DIR_PATH}/Podfile.lock\" \"${PODS_ROOT}/Manifest.lock\" > /dev/null\nif [ $? != 0 ] ; then\n    # print error to STDERR\n    echo \"error: The sandbox is not in sync with the Podfile.lock. Run 'pod install' or update your CocoaPods installation.\" >&2\n    exit 1\nfi\n# This output is used by Xcode 'outputs' to avoid re-running this script phase.\necho \"SUCCESS\" > \"${SCRIPT_OUTPUT_FILE_0}\"\n";
			showEnvVarsInLog = 0;
		};
/* End PBXShellScriptBuildPhase section */

/* Begin PBXSourcesBuildPhase section */
		02C319862BCE17600030D506 /* Sources */ = {
			isa = PBXSourcesBuildPhase;
			buildActionMask = 2147483647;
			files = (
				02B729722C0DA9AB00C389FD /* CustomTextField.swift in Sources */,
				02094CCB2BECB5170098995E /* PersonalPage.swift in Sources */,
				02FFDD022BE411BB002F0DEF /* CategoryScrollView.swift in Sources */,
				0201180A2BFF2C9C00C13256 /* Color.swift in Sources */,
				02C319902BCE17600030D506 /* ContentView.swift in Sources */,
				02E4F4542C11961F007CCD2E /* ProductImageSelectView.swift in Sources */,
				02E4F4502C119452007CCD2E /* MarketUploadView.swift in Sources */,
				020118022BFDC7F200C13256 /* ImageScrollView.swift in Sources */,
				02B729852C0F108E00C389FD /* BottomNavigationBar.swift in Sources */,
				02FFDCFE2BE40DFE002F0DEF /* SearchView.swift in Sources */,
				02E4F45A2C119EB3007CCD2E /* MarketUploadButton.swift in Sources */,
				02B729832C0F0FB300C389FD /* MyPageView.swift in Sources */,
				02A2FDF12C09827A005B0B22 /* ImageSelectView.swift in Sources */,
				02094CC92BECA93B0098995E /* PersonalPageWork.swift in Sources */,
				02E4F44E2C105A0A007CCD2E /* MarketItemsGridView.swift in Sources */,
				02B729762C0DC5FA00C389FD /* CategoryCapsule.swift in Sources */,
				02E4F44A2C1057D5007CCD2E /* MarketItem.swift in Sources */,
				0270D2FE2BE3FDB800B1B270 /* MenuView.swift in Sources */,
				02E4F4562C119B16007CCD2E /* MarketCategoryCapsule.swift in Sources */,
				02B7297F2C0F0F1D00C389FD /* MarketView.swift in Sources */,
				02E4F4582C119BA1007CCD2E /* MarketCategoryView.swift in Sources */,
				0270D2F42BE0F36500B1B270 /* MainView.swift in Sources */,
				02FFDD002BE41184002F0DEF /* CircleImageItem.swift in Sources */,
				02B7297A2C0DDF7D00C389FD /* ImagePicker.swift in Sources */,
				02B729812C0F0F7F00C389FD /* ExhibitionView.swift in Sources */,
				020118042BFDC92200C13256 /* ImageDetailView.swift in Sources */,
				0270D2FC2BE3F9AB00B1B270 /* TabBarView.swift in Sources */,
				0270D2F82BE0F3B400B1B270 /* ViewModelable.swift in Sources */,
				02FFDD0A2BE41437002F0DEF /* ArtWorksGridView.swift in Sources */,
				02E7F6412C086F8900C6EF03 /* ImageUploadView.swift in Sources */,
				0201180C2BFF328400C13256 /* UploadButton.swift in Sources */,
				02E4F45C2C11A86E007CCD2E /* MarketDetailView.swift in Sources */,
				02A2FDF32C09B730005B0B22 /* FeedInfoView.swift in Sources */,
				02C3198E2BCE17600030D506 /* Capstone_FrontApp.swift in Sources */,
				0270D2FA2BE3F8A400B1B270 /* TabBarViewModel.swift in Sources */,
				02E4F4482C105748007CCD2E /* MarketItemView.swift in Sources */,
				02B729742C0DB4F600C389FD /* CustomMultiLineTextField.swift in Sources */,
				02E4F4522C11960F007CCD2E /* ProductFeedInfoView.swift in Sources */,
				02FFDD082BE41420002F0DEF /* ArtWorkItemView.swift in Sources */,
				02B729782C0DD1BC00C389FD /* CategoryView.swift in Sources */,
				02E4F45E2C11A8F7007CCD2E /* ProductInfoView.swift in Sources */,
				020118062BFF13C300C13256 /* CateLabelView.swift in Sources */,
				020118082BFF16ED00C13256 /* ReactionView.swift in Sources */,
				02E4F44C2C10598D007CCD2E /* MarketItemViewModel.swift in Sources */,
				02FFDD062BE413C9002F0DEF /* ArtWorksViewModel.swift in Sources */,
				02094CC72BECA6130098995E /* AlbumShape.swift in Sources */,
				02FFDD042BE4135B002F0DEF /* ArtWork.swift in Sources */,
				0270D2F62BE0F37A00B1B270 /* MainViewModel.swift in Sources */,
				02E4F4602C11AD7E007CCD2E /* ProductImage.swift in Sources */,
			);
			runOnlyForDeploymentPostprocessing = 0;
		};
/* End PBXSourcesBuildPhase section */

/* Begin XCBuildConfiguration section */
		02C319962BCE17620030D506 /* Debug */ = {
			isa = XCBuildConfiguration;
			buildSettings = {
				ALWAYS_SEARCH_USER_PATHS = NO;
				ASSETCATALOG_COMPILER_GENERATE_SWIFT_ASSET_SYMBOL_EXTENSIONS = YES;
				CLANG_ANALYZER_NONNULL = YES;
				CLANG_ANALYZER_NUMBER_OBJECT_CONVERSION = YES_AGGRESSIVE;
				CLANG_CXX_LANGUAGE_STANDARD = "gnu++20";
				CLANG_ENABLE_MODULES = YES;
				CLANG_ENABLE_OBJC_ARC = YES;
				CLANG_ENABLE_OBJC_WEAK = YES;
				CLANG_WARN_BLOCK_CAPTURE_AUTORELEASING = YES;
				CLANG_WARN_BOOL_CONVERSION = YES;
				CLANG_WARN_COMMA = YES;
				CLANG_WARN_CONSTANT_CONVERSION = YES;
				CLANG_WARN_DEPRECATED_OBJC_IMPLEMENTATIONS = YES;
				CLANG_WARN_DIRECT_OBJC_ISA_USAGE = YES_ERROR;
				CLANG_WARN_DOCUMENTATION_COMMENTS = YES;
				CLANG_WARN_EMPTY_BODY = YES;
				CLANG_WARN_ENUM_CONVERSION = YES;
				CLANG_WARN_INFINITE_RECURSION = YES;
				CLANG_WARN_INT_CONVERSION = YES;
				CLANG_WARN_NON_LITERAL_NULL_CONVERSION = YES;
				CLANG_WARN_OBJC_IMPLICIT_RETAIN_SELF = YES;
				CLANG_WARN_OBJC_LITERAL_CONVERSION = YES;
				CLANG_WARN_OBJC_ROOT_CLASS = YES_ERROR;
				CLANG_WARN_QUOTED_INCLUDE_IN_FRAMEWORK_HEADER = YES;
				CLANG_WARN_RANGE_LOOP_ANALYSIS = YES;
				CLANG_WARN_STRICT_PROTOTYPES = YES;
				CLANG_WARN_SUSPICIOUS_MOVE = YES;
				CLANG_WARN_UNGUARDED_AVAILABILITY = YES_AGGRESSIVE;
				CLANG_WARN_UNREACHABLE_CODE = YES;
				CLANG_WARN__DUPLICATE_METHOD_MATCH = YES;
				COPY_PHASE_STRIP = NO;
				DEBUG_INFORMATION_FORMAT = dwarf;
				ENABLE_STRICT_OBJC_MSGSEND = YES;
				ENABLE_TESTABILITY = YES;
				ENABLE_USER_SCRIPT_SANDBOXING = NO;
				GCC_C_LANGUAGE_STANDARD = gnu17;
				GCC_DYNAMIC_NO_PIC = NO;
				GCC_NO_COMMON_BLOCKS = YES;
				GCC_OPTIMIZATION_LEVEL = 0;
				GCC_PREPROCESSOR_DEFINITIONS = (
					"DEBUG=1",
					"$(inherited)",
				);
				GCC_WARN_64_TO_32_BIT_CONVERSION = YES;
				GCC_WARN_ABOUT_RETURN_TYPE = YES_ERROR;
				GCC_WARN_UNDECLARED_SELECTOR = YES;
				GCC_WARN_UNINITIALIZED_AUTOS = YES_AGGRESSIVE;
				GCC_WARN_UNUSED_FUNCTION = YES;
				GCC_WARN_UNUSED_VARIABLE = YES;
				IPHONEOS_DEPLOYMENT_TARGET = 17.2;
				LOCALIZATION_PREFERS_STRING_CATALOGS = YES;
				MTL_ENABLE_DEBUG_INFO = INCLUDE_SOURCE;
				MTL_FAST_MATH = YES;
				ONLY_ACTIVE_ARCH = YES;
				SDKROOT = iphoneos;
				SWIFT_ACTIVE_COMPILATION_CONDITIONS = "DEBUG $(inherited)";
				SWIFT_OPTIMIZATION_LEVEL = "-Onone";
			};
			name = Debug;
		};
		02C319972BCE17620030D506 /* Release */ = {
			isa = XCBuildConfiguration;
			buildSettings = {
				ALWAYS_SEARCH_USER_PATHS = NO;
				ASSETCATALOG_COMPILER_GENERATE_SWIFT_ASSET_SYMBOL_EXTENSIONS = YES;
				CLANG_ANALYZER_NONNULL = YES;
				CLANG_ANALYZER_NUMBER_OBJECT_CONVERSION = YES_AGGRESSIVE;
				CLANG_CXX_LANGUAGE_STANDARD = "gnu++20";
				CLANG_ENABLE_MODULES = YES;
				CLANG_ENABLE_OBJC_ARC = YES;
				CLANG_ENABLE_OBJC_WEAK = YES;
				CLANG_WARN_BLOCK_CAPTURE_AUTORELEASING = YES;
				CLANG_WARN_BOOL_CONVERSION = YES;
				CLANG_WARN_COMMA = YES;
				CLANG_WARN_CONSTANT_CONVERSION = YES;
				CLANG_WARN_DEPRECATED_OBJC_IMPLEMENTATIONS = YES;
				CLANG_WARN_DIRECT_OBJC_ISA_USAGE = YES_ERROR;
				CLANG_WARN_DOCUMENTATION_COMMENTS = YES;
				CLANG_WARN_EMPTY_BODY = YES;
				CLANG_WARN_ENUM_CONVERSION = YES;
				CLANG_WARN_INFINITE_RECURSION = YES;
				CLANG_WARN_INT_CONVERSION = YES;
				CLANG_WARN_NON_LITERAL_NULL_CONVERSION = YES;
				CLANG_WARN_OBJC_IMPLICIT_RETAIN_SELF = YES;
				CLANG_WARN_OBJC_LITERAL_CONVERSION = YES;
				CLANG_WARN_OBJC_ROOT_CLASS = YES_ERROR;
				CLANG_WARN_QUOTED_INCLUDE_IN_FRAMEWORK_HEADER = YES;
				CLANG_WARN_RANGE_LOOP_ANALYSIS = YES;
				CLANG_WARN_STRICT_PROTOTYPES = YES;
				CLANG_WARN_SUSPICIOUS_MOVE = YES;
				CLANG_WARN_UNGUARDED_AVAILABILITY = YES_AGGRESSIVE;
				CLANG_WARN_UNREACHABLE_CODE = YES;
				CLANG_WARN__DUPLICATE_METHOD_MATCH = YES;
				COPY_PHASE_STRIP = NO;
				DEBUG_INFORMATION_FORMAT = "dwarf-with-dsym";
				ENABLE_NS_ASSERTIONS = NO;
				ENABLE_STRICT_OBJC_MSGSEND = YES;
				ENABLE_USER_SCRIPT_SANDBOXING = NO;
				GCC_C_LANGUAGE_STANDARD = gnu17;
				GCC_NO_COMMON_BLOCKS = YES;
				GCC_WARN_64_TO_32_BIT_CONVERSION = YES;
				GCC_WARN_ABOUT_RETURN_TYPE = YES_ERROR;
				GCC_WARN_UNDECLARED_SELECTOR = YES;
				GCC_WARN_UNINITIALIZED_AUTOS = YES_AGGRESSIVE;
				GCC_WARN_UNUSED_FUNCTION = YES;
				GCC_WARN_UNUSED_VARIABLE = YES;
				IPHONEOS_DEPLOYMENT_TARGET = 17.2;
				LOCALIZATION_PREFERS_STRING_CATALOGS = YES;
				MTL_ENABLE_DEBUG_INFO = NO;
				MTL_FAST_MATH = YES;
				SDKROOT = iphoneos;
				SWIFT_COMPILATION_MODE = wholemodule;
				VALIDATE_PRODUCT = YES;
			};
			name = Release;
		};
		02C319992BCE17620030D506 /* Debug */ = {
			isa = XCBuildConfiguration;
			baseConfigurationReference = 9D2337201F31F80A5B926DE8 /* Pods-Capstone_Front.debug.xcconfig */;
			buildSettings = {
				ASSETCATALOG_COMPILER_APPICON_NAME = AppIcon;
				ASSETCATALOG_COMPILER_GLOBAL_ACCENT_COLOR_NAME = AccentColor;
				CODE_SIGN_STYLE = Automatic;
				CURRENT_PROJECT_VERSION = 1;
				DEVELOPMENT_ASSET_PATHS = "\"Capstone_Front/Preview Content\"";
				DEVELOPMENT_TEAM = DRD9SK8539;
				ENABLE_PREVIEWS = YES;
				GENERATE_INFOPLIST_FILE = YES;
				INFOPLIST_KEY_UIApplicationSceneManifest_Generation = YES;
				INFOPLIST_KEY_UIApplicationSupportsIndirectInputEvents = YES;
				INFOPLIST_KEY_UILaunchScreen_Generation = YES;
				INFOPLIST_KEY_UISupportedInterfaceOrientations_iPad = "UIInterfaceOrientationPortrait UIInterfaceOrientationPortraitUpsideDown UIInterfaceOrientationLandscapeLeft UIInterfaceOrientationLandscapeRight";
				INFOPLIST_KEY_UISupportedInterfaceOrientations_iPhone = "UIInterfaceOrientationPortrait UIInterfaceOrientationLandscapeLeft UIInterfaceOrientationLandscapeRight";
				LD_RUNPATH_SEARCH_PATHS = (
					"$(inherited)",
					"@executable_path/Frameworks",
				);
				MARKETING_VERSION = 1.0;
				PRODUCT_BUNDLE_IDENTIFIER = "com.youbeen.Capstone-Front";
				PRODUCT_NAME = "$(TARGET_NAME)";
				SWIFT_EMIT_LOC_STRINGS = YES;
				SWIFT_VERSION = 5.0;
				TARGETED_DEVICE_FAMILY = "1,2";
			};
			name = Debug;
		};
		02C3199A2BCE17620030D506 /* Release */ = {
			isa = XCBuildConfiguration;
			baseConfigurationReference = 1397AC5ACD3215A206C3F4D5 /* Pods-Capstone_Front.release.xcconfig */;
			buildSettings = {
				ASSETCATALOG_COMPILER_APPICON_NAME = AppIcon;
				ASSETCATALOG_COMPILER_GLOBAL_ACCENT_COLOR_NAME = AccentColor;
				CODE_SIGN_STYLE = Automatic;
				CURRENT_PROJECT_VERSION = 1;
				DEVELOPMENT_ASSET_PATHS = "\"Capstone_Front/Preview Content\"";
				DEVELOPMENT_TEAM = DRD9SK8539;
				ENABLE_PREVIEWS = YES;
				GENERATE_INFOPLIST_FILE = YES;
				INFOPLIST_KEY_UIApplicationSceneManifest_Generation = YES;
				INFOPLIST_KEY_UIApplicationSupportsIndirectInputEvents = YES;
				INFOPLIST_KEY_UILaunchScreen_Generation = YES;
				INFOPLIST_KEY_UISupportedInterfaceOrientations_iPad = "UIInterfaceOrientationPortrait UIInterfaceOrientationPortraitUpsideDown UIInterfaceOrientationLandscapeLeft UIInterfaceOrientationLandscapeRight";
				INFOPLIST_KEY_UISupportedInterfaceOrientations_iPhone = "UIInterfaceOrientationPortrait UIInterfaceOrientationLandscapeLeft UIInterfaceOrientationLandscapeRight";
				LD_RUNPATH_SEARCH_PATHS = (
					"$(inherited)",
					"@executable_path/Frameworks",
				);
				MARKETING_VERSION = 1.0;
				PRODUCT_BUNDLE_IDENTIFIER = "com.youbeen.Capstone-Front";
				PRODUCT_NAME = "$(TARGET_NAME)";
				SWIFT_EMIT_LOC_STRINGS = YES;
				SWIFT_VERSION = 5.0;
				TARGETED_DEVICE_FAMILY = "1,2";
			};
			name = Release;
		};
/* End XCBuildConfiguration section */

/* Begin XCConfigurationList section */
		02C319852BCE17600030D506 /* Build configuration list for PBXProject "Capstone_Front" */ = {
			isa = XCConfigurationList;
			buildConfigurations = (
				02C319962BCE17620030D506 /* Debug */,
				02C319972BCE17620030D506 /* Release */,
			);
			defaultConfigurationIsVisible = 0;
			defaultConfigurationName = Release;
		};
		02C319982BCE17620030D506 /* Build configuration list for PBXNativeTarget "Capstone_Front" */ = {
			isa = XCConfigurationList;
			buildConfigurations = (
				02C319992BCE17620030D506 /* Debug */,
				02C3199A2BCE17620030D506 /* Release */,
			);
			defaultConfigurationIsVisible = 0;
			defaultConfigurationName = Release;
		};
/* End XCConfigurationList section */
	};
	rootObject = 02C319822BCE17600030D506 /* Project object */;
}
